// !$*UTF8*$!
{
	archiveVersion = 1;
	classes = {
	};
	objectVersion = 48;
	objects = {

/* Begin PBXBuildFile section */
		39EC09B81FDD1CFF004B65AD /* AppDelegate.swift in Sources */ = {isa = PBXBuildFile; fileRef = 39EC09B71FDD1CFF004B65AD /* AppDelegate.swift */; };
		39EC09BD1FDD1CFF004B65AD /* Main.storyboard in Resources */ = {isa = PBXBuildFile; fileRef = 39EC09BB1FDD1CFF004B65AD /* Main.storyboard */; };
		39EC09BF1FDD1CFF004B65AD /* Assets.xcassets in Resources */ = {isa = PBXBuildFile; fileRef = 39EC09BE1FDD1CFF004B65AD /* Assets.xcassets */; };
		39EC09C21FDD1CFF004B65AD /* LaunchScreen.storyboard in Resources */ = {isa = PBXBuildFile; fileRef = 39EC09C01FDD1CFF004B65AD /* LaunchScreen.storyboard */; };
		39EC09CB1FDD1D4A004B65AD /* Matrix.swift in Sources */ = {isa = PBXBuildFile; fileRef = 39EC09C91FDD1D4A004B65AD /* Matrix.swift */; };
		39EC09CC1FDD1D4A004B65AD /* MatrixViewController.swift in Sources */ = {isa = PBXBuildFile; fileRef = 39EC09CA1FDD1D4A004B65AD /* MatrixViewController.swift */; };
		39EC09CE1FDD1D7E004B65AD /* MatrixViewCell.swift in Sources */ = {isa = PBXBuildFile; fileRef = 39EC09CD1FDD1D7E004B65AD /* MatrixViewCell.swift */; };
/* End PBXBuildFile section */

/* Begin PBXFileReference section */
		39EC09B41FDD1CFF004B65AD /* LogicGame3.app */ = {isa = PBXFileReference; explicitFileType = wrapper.application; includeInIndex = 0; path = LogicGame3.app; sourceTree = BUILT_PRODUCTS_DIR; };
		39EC09B71FDD1CFF004B65AD /* AppDelegate.swift */ = {isa = PBXFileReference; lastKnownFileType = sourcecode.swift; path = AppDelegate.swift; sourceTree = "<group>"; };
		39EC09BC1FDD1CFF004B65AD /* Base */ = {isa = PBXFileReference; lastKnownFileType = file.storyboard; name = Base; path = Base.lproj/Main.storyboard; sourceTree = "<group>"; };
		39EC09BE1FDD1CFF004B65AD /* Assets.xcassets */ = {isa = PBXFileReference; lastKnownFileType = folder.assetcatalog; path = Assets.xcassets; sourceTree = "<group>"; };
		39EC09C11FDD1CFF004B65AD /* Base */ = {isa = PBXFileReference; lastKnownFileType = file.storyboard; name = Base; path = Base.lproj/LaunchScreen.storyboard; sourceTree = "<group>"; };
		39EC09C31FDD1CFF004B65AD /* Info.plist */ = {isa = PBXFileReference; lastKnownFileType = text.plist.xml; path = Info.plist; sourceTree = "<group>"; };
		39EC09C91FDD1D4A004B65AD /* Matrix.swift */ = {isa = PBXFileReference; fileEncoding = 4; lastKnownFileType = sourcecode.swift; path = Matrix.swift; sourceTree = "<group>"; };
		39EC09CA1FDD1D4A004B65AD /* MatrixViewController.swift */ = {isa = PBXFileReference; fileEncoding = 4; lastKnownFileType = sourcecode.swift; path = MatrixViewController.swift; sourceTree = "<group>"; };
		39EC09CD1FDD1D7E004B65AD /* MatrixViewCell.swift */ = {isa = PBXFileReference; lastKnownFileType = sourcecode.swift; path = MatrixViewCell.swift; sourceTree = "<group>"; };
/* End PBXFileReference section */

/* Begin PBXFrameworksBuildPhase section */
		39EC09B11FDD1CFF004B65AD /* Frameworks */ = {
			isa = PBXFrameworksBuildPhase;
			buildActionMask = 2147483647;
			files = (
			);
			runOnlyForDeploymentPostprocessing = 0;
		};
/* End PBXFrameworksBuildPhase section */

/* Begin PBXGroup section */
		39EC09AB1FDD1CFF004B65AD = {
			isa = PBXGroup;
			children = (
				39EC09B61FDD1CFF004B65AD /* LogicGame3 */,
				39EC09B51FDD1CFF004B65AD /* Products */,
			);
			sourceTree = "<group>";
		};
		39EC09B51FDD1CFF004B65AD /* Products */ = {
			isa = PBXGroup;
			children = (
				39EC09B41FDD1CFF004B65AD /* LogicGame3.app */,
			);
			name = Products;
			sourceTree = "<group>";
		};
		39EC09B61FDD1CFF004B65AD /* LogicGame3 */ = {
			isa = PBXGroup;
			children = (
				39EC09C91FDD1D4A004B65AD /* Matrix.swift */,
				39EC09CD1FDD1D7E004B65AD /* MatrixViewCell.swift */,
				39EC09CA1FDD1D4A004B65AD /* MatrixViewController.swift */,
				39EC09B71FDD1CFF004B65AD /* AppDelegate.swift */,
				39EC09BB1FDD1CFF004B65AD /* Main.storyboard */,
				39EC09BE1FDD1CFF004B65AD /* Assets.xcassets */,
				39EC09C01FDD1CFF004B65AD /* LaunchScreen.storyboard */,
				39EC09C31FDD1CFF004B65AD /* Info.plist */,
			);
			path = LogicGame3;
			sourceTree = "<group>";
		};
/* End PBXGroup section */

/* Begin PBXNativeTarget section */
		39EC09B31FDD1CFF004B65AD /* LogicGame3 */ = {
			isa = PBXNativeTarget;
			buildConfigurationList = 39EC09C61FDD1CFF004B65AD /* Build configuration list for PBXNativeTarget "LogicGame3" */;
			buildPhases = (
				39EC09B01FDD1CFF004B65AD /* Sources */,
				39EC09B11FDD1CFF004B65AD /* Frameworks */,
				39EC09B21FDD1CFF004B65AD /* Resources */,
			);
			buildRules = (
			);
			dependencies = (
			);
			name = LogicGame3;
			productName = LogicGame3;
			productReference = 39EC09B41FDD1CFF004B65AD /* LogicGame3.app */;
			productType = "com.apple.product-type.application";
		};
/* End PBXNativeTarget section */

/* Begin PBXProject section */
		39EC09AC1FDD1CFF004B65AD /* Project object */ = {
			isa = PBXProject;
			attributes = {
				LastSwiftUpdateCheck = 0910;
				LastUpgradeCheck = 0910;
				ORGANIZATIONNAME = yusungkim;
				TargetAttributes = {
					39EC09B31FDD1CFF004B65AD = {
						CreatedOnToolsVersion = 9.1;
						ProvisioningStyle = Automatic;
					};
				};
			};
			buildConfigurationList = 39EC09AF1FDD1CFF004B65AD /* Build configuration list for PBXProject "LogicGame3" */;
			compatibilityVersion = "Xcode 8.0";
			developmentRegion = en;
			hasScannedForEncodings = 0;
			knownRegions = (
				en,
				Base,
			);
			mainGroup = 39EC09AB1FDD1CFF004B65AD;
			productRefGroup = 39EC09B51FDD1CFF004B65AD /* Products */;
			projectDirPath = "";
			projectRoot = "";
			targets = (
				39EC09B31FDD1CFF004B65AD /* LogicGame3 */,
			);
		};
/* End PBXProject section */

/* Begin PBXResourcesBuildPhase section */
		39EC09B21FDD1CFF004B65AD /* Resources */ = {
			isa = PBXResourcesBuildPhase;
			buildActionMask = 2147483647;
			files = (
				39EC09C21FDD1CFF004B65AD /* LaunchScreen.storyboard in Resources */,
				39EC09BF1FDD1CFF004B65AD /* Assets.xcassets in Resources */,
				39EC09BD1FDD1CFF004B65AD /* Main.storyboard in Resources */,
			);
			runOnlyForDeploymentPostprocessing = 0;
		};
/* End PBXResourcesBuildPhase section */

/* Begin PBXSourcesBuildPhase section */
		39EC09B01FDD1CFF004B65AD /* Sources */ = {
			isa = PBXSourcesBuildPhase;
			buildActionMask = 2147483647;
			files = (
				39EC09CC1FDD1D4A004B65AD /* MatrixViewController.swift in Sources */,
				39EC09CB1FDD1D4A004B65AD /* Matrix.swift in Sources */,
				39EC09B81FDD1CFF004B65AD /* AppDelegate.swift in Sources */,
				39EC09CE1FDD1D7E004B65AD /* MatrixViewCell.swift in Sources */,
			);
			runOnlyForDeploymentPostprocessing = 0;
		};
/* End PBXSourcesBuildPhase section */

/* Begin PBXVariantGroup section */
		39EC09BB1FDD1CFF004B65AD /* Main.storyboard */ = {
			isa = PBXVariantGroup;
			children = (
				39EC09BC1FDD1CFF004B65AD /* Base */,
			);
			name = Main.storyboard;
			sourceTree = "<group>";
		};
		39EC09C01FDD1CFF004B65AD /* LaunchScreen.storyboard */ = {
			isa = PBXVariantGroup;
			children = (
				39EC09C11FDD1CFF004B65AD /* Base */,
			);
			name = LaunchScreen.storyboard;
			sourceTree = "<group>";
		};
/* End PBXVariantGroup section */

/* Begin XCBuildConfiguration section */
		39EC09C41FDD1CFF004B65AD /* Debug */ = {
			isa = XCBuildConfiguration;
			buildSettings = {
				ALWAYS_SEARCH_USER_PATHS = NO;
				CLANG_ANALYZER_NONNULL = YES;
				CLANG_ANALYZER_NUMBER_OBJECT_CONVERSION = YES_AGGRESSIVE;
				CLANG_CXX_LANGUAGE_STANDARD = "gnu++14";
				CLANG_CXX_LIBRARY = "libc++";
				CLANG_ENABLE_MODULES = YES;
				CLANG_ENABLE_OBJC_ARC = YES;
				CLANG_WARN_BLOCK_CAPTURE_AUTORELEASING = YES;
				CLANG_WARN_BOOL_CONVERSION = YES;
				CLANG_WARN_COMMA = YES;
				CLANG_WARN_CONSTANT_CONVERSION = YES;
				CLANG_WARN_DIRECT_OBJC_ISA_USAGE = YES_ERROR;
				CLANG_WARN_DOCUMENTATION_COMMENTS = YES;
				CLANG_WARN_EMPTY_BODY = YES;
				CLANG_WARN_ENUM_CONVERSION = YES;
				CLANG_WARN_INFINITE_RECURSION = YES;
				CLANG_WARN_INT_CONVERSION = YES;
				CLANG_WARN_NON_LITERAL_NULL_CONVERSION = YES;
				CLANG_WARN_OBJC_LITERAL_CONVERSION = YES;
				CLANG_WARN_OBJC_ROOT_CLASS = YES_ERROR;
				CLANG_WARN_RANGE_LOOP_ANALYSIS = YES;
				CLANG_WARN_STRICT_PROTOTYPES = YES;
				CLANG_WARN_SUSPICIOUS_MOVE = YES;
				CLANG_WARN_UNGUARDED_AVAILABILITY = YES_AGGRESSIVE;
				CLANG_WARN_UNREACHABLE_CODE = YES;
				CLANG_WARN__DUPLICATE_METHOD_MATCH = YES;
				CODE_SIGN_IDENTITY = "iPhone Developer";
				COPY_PHASE_STRIP = NO;
				DEBUG_INFORMATION_FORMAT = dwarf;
				ENABLE_STRICT_OBJC_MSGSEND = YES;
				ENABLE_TESTABILITY = YES;
				GCC_C_LANGUAGE_STANDARD = gnu11;
				GCC_DYNAMIC_NO_PIC = NO;
				GCC_NO_COMMON_BLOCKS = YES;
				GCC_OPTIMIZATION_LEVEL = 0;
				GCC_PREPROCESSOR_DEFINITIONS = (
					"DEBUG=1",
					"$(inherited)",
				);
				GCC_WARN_64_TO_32_BIT_CONVERSION = YES;
				GCC_WARN_ABOUT_RETURN_TYPE = YES_ERROR;
				GCC_WARN_UNDECLARED_SELECTOR = YES;
				GCC_WARN_UNINITIALIZED_AUTOS = YES_AGGRESSIVE;
				GCC_WARN_UNUSED_FUNCTION = YES;
				GCC_WARN_UNUSED_VARIABLE = YES;
				IPHONEOS_DEPLOYMENT_TARGET = 11.1;
				MTL_ENABLE_DEBUG_INFO = YES;
				ONLY_ACTIVE_ARCH = YES;
				SDKROOT = iphoneos;
				SWIFT_ACTIVE_COMPILATION_CONDITIONS = DEBUG;
				SWIFT_OPTIMIZATION_LEVEL = "-Onone";
			};
			name = Debug;
		};
		39EC09C51FDD1CFF004B65AD /* Release */ = {
			isa = XCBuildConfiguration;
			buildSettings = {
				ALWAYS_SEARCH_USER_PATHS = NO;
				CLANG_ANALYZER_NONNULL = YES;
				CLANG_ANALYZER_NUMBER_OBJECT_CONVERSION = YES_AGGRESSIVE;
				CLANG_CXX_LANGUAGE_STANDARD = "gnu++14";
				CLANG_CXX_LIBRARY = "libc++";
				CLANG_ENABLE_MODULES = YES;
				CLANG_ENABLE_OBJC_ARC = YES;
				CLANG_WARN_BLOCK_CAPTURE_AUTORELEASING = YES;
				CLANG_WARN_BOOL_CONVERSION = YES;
				CLANG_WARN_COMMA = YES;
				CLANG_WARN_CONSTANT_CONVERSION = YES;
				CLANG_WARN_DIRECT_OBJC_ISA_USAGE = YES_ERROR;
				CLANG_WARN_DOCUMENTATION_COMMENTS = YES;
				CLANG_WARN_EMPTY_BODY = YES;
				CLANG_WARN_ENUM_CONVERSION = YES;
				CLANG_WARN_INFINITE_RECURSION = YES;
				CLANG_WARN_INT_CONVERSION = YES;
				CLANG_WARN_NON_LITERAL_NULL_CONVERSION = YES;
				CLANG_WARN_OBJC_LITERAL_CONVERSION = YES;
				CLANG_WARN_OBJC_ROOT_CLASS = YES_ERROR;
				CLANG_WARN_RANGE_LOOP_ANALYSIS = YES;
				CLANG_WARN_STRICT_PROTOTYPES = YES;
				CLANG_WARN_SUSPICIOUS_MOVE = YES;
				CLANG_WARN_UNGUARDED_AVAILABILITY = YES_AGGRESSIVE;
				CLANG_WARN_UNREACHABLE_CODE = YES;
				CLANG_WARN__DUPLICATE_METHOD_MATCH = YES;
				CODE_SIGN_IDENTITY = "iPhone Developer";
				COPY_PHASE_STRIP = NO;
				DEBUG_INFORMATION_FORMAT = "dwarf-with-dsym";
				ENABLE_NS_ASSERTIONS = NO;
				ENABLE_STRICT_OBJC_MSGSEND = YES;
				GCC_C_LANGUAGE_STANDARD = gnu11;
				GCC_NO_COMMON_BLOCKS = YES;
				GCC_WARN_64_TO_32_BIT_CONVERSION = YES;
				GCC_WARN_ABOUT_RETURN_TYPE = YES_ERROR;
				GCC_WARN_UNDECLARED_SELECTOR = YES;
				GCC_WARN_UNINITIALIZED_AUTOS = YES_AGGRESSIVE;
				GCC_WARN_UNUSED_FUNCTION = YES;
				GCC_WARN_UNUSED_VARIABLE = YES;
				IPHONEOS_DEPLOYMENT_TARGET = 11.1;
				MTL_ENABLE_DEBUG_INFO = NO;
				SDKROOT = iphoneos;
				SWIFT_OPTIMIZATION_LEVEL = "-Owholemodule";
				VALIDATE_PRODUCT = YES;
			};
			name = Release;
		};
		39EC09C71FDD1CFF004B65AD /* Debug */ = {
			isa = XCBuildConfiguration;
			buildSettings = {
				ASSETCATALOG_COMPILER_APPICON_NAME = AppIcon;
				CODE_SIGN_STYLE = Automatic;
				DEVELOPMENT_TEAM = QXG45VX33G;
				INFOPLIST_FILE = LogicGame3/Info.plist;
				IPHONEOS_DEPLOYMENT_TARGET = 11.1;
				LD_RUNPATH_SEARCH_PATHS = "$(inherited) @executable_path/Frameworks";
				PRODUCT_BUNDLE_IDENTIFIER = com.yusungkim.LogicGame3;
				PRODUCT_NAME = "$(TARGET_NAME)";
				SWIFT_VERSION = 4.0;
				TARGETED_DEVICE_FAMILY = "1,2";
			};
			name = Debug;
		};
		39EC09C81FDD1CFF004B65AD /* Release */ = {
			isa = XCBuildConfiguration;
			buildSettings = {
				ASSETCATALOG_COMPILER_APPICON_NAME = AppIcon;
				CODE_SIGN_STYLE = Automatic;
				DEVELOPMENT_TEAM = QXG45VX33G;
				INFOPLIST_FILE = LogicGame3/Info.plist;
				IPHONEOS_DEPLOYMENT_TARGET = 11.1;
				LD_RUNPATH_SEARCH_PATHS = "$(inherited) @executable_path/Frameworks";
				PRODUCT_BUNDLE_IDENTIFIER = com.yusungkim.LogicGame3;
				PRODUCT_NAME = "$(TARGET_NAME)";
				SWIFT_VERSION = 4.0;
				TARGETED_DEVICE_FAMILY = "1,2";
			};
			name = Release;
		};
/* End XCBuildConfiguration section */

/* Begin XCConfigurationList section */
		39EC09AF1FDD1CFF004B65AD /* Build configuration list for PBXProject "LogicGame3" */ = {
			isa = XCConfigurationList;
			buildConfigurations = (
				39EC09C41FDD1CFF004B65AD /* Debug */,
				39EC09C51FDD1CFF004B65AD /* Release */,
			);
			defaultConfigurationIsVisible = 0;
			defaultConfigurationName = Release;
		};
		39EC09C61FDD1CFF004B65AD /* Build configuration list for PBXNativeTarget "LogicGame3" */ = {
			isa = XCConfigurationList;
			buildConfigurations = (
				39EC09C71FDD1CFF004B65AD /* Debug */,
				39EC09C81FDD1CFF004B65AD /* Release */,
			);
			defaultConfigurationIsVisible = 0;
			defaultConfigurationName = Release;
		};
/* End XCConfigurationList section */
	};
	rootObject = 39EC09AC1FDD1CFF004B65AD /* Project object */;
}
